
Microsoft Visual Studio Solution File, Format Version 12.00
# Visual Studio 14
VisualStudioVersion = 14.0.25420.1
MinimumVisualStudioVersion = 10.0.40219.1
Project("{2150E333-8FDC-42A3-9474-1A3956D46DE8}") = "src", "src", "{D5DB61DA-96CD-4718-856D-DFE421CF2BBF}"
EndProject
Project("{2150E333-8FDC-42A3-9474-1A3956D46DE8}") = "Solution Items", "Solution Items", "{FEAFD8B2-0FBE-4D3E-BCEC-BD088CD76B27}"
	ProjectSection(SolutionItems) = preProject
		global.json = global.json
	EndProjectSection
EndProject
Project("{2150E333-8FDC-42A3-9474-1A3956D46DE8}") = "test", "test", "{82354E1F-24EF-48D2-9CA1-2516B3813384}"
EndProject
Project("{2150E333-8FDC-42A3-9474-1A3956D46DE8}") = "Domains", "Domains", "{F3FF245F-B240-4FBD-9543-43C02880C0EA}"
EndProject
Project("{8BB2217D-0F2D-49D1-97BC-3654ED321F3B}") = "AspNet.Core.Web.Domains", "src\Domains\AspNet.Core.Web.Domains\AspNet.Core.Web.Domains.xproj", "{04578C59-F50A-4E43-987D-DF1DE147165C}"
EndProject
Project("{2150E333-8FDC-42A3-9474-1A3956D46DE8}") = "BusinessLayer", "BusinessLayer", "{DBD7AFF0-8F7C-4C38-8E19-671D1194DB70}"
EndProject
Project("{2150E333-8FDC-42A3-9474-1A3956D46DE8}") = "RepositoryLayer", "RepositoryLayer", "{9F1CF3F7-A3F9-4A78-B5E2-75C9EB00E45F}"
EndProject
Project("{8BB2217D-0F2D-49D1-97BC-3654ED321F3B}") = "AspNet.Core.Web.App.Bl.Interface", "src\BusinessLayer\AspNet.Core.Web.App.Bl.Interface\AspNet.Core.Web.App.Bl.Interface.xproj", "{D566EACD-F5EC-4585-9186-4620E42927E0}"
EndProject
Project("{8BB2217D-0F2D-49D1-97BC-3654ED321F3B}") = "AspNet.Core.Web.App.Bl.Implementation", "src\BusinessLayer\AspNet.Core.Web.App.Bl.Implementation\AspNet.Core.Web.App.Bl.Implementation.xproj", "{2F4BB6F7-613B-43C5-9FE0-000467B6F2D2}"
EndProject
Project("{8BB2217D-0F2D-49D1-97BC-3654ED321F3B}") = "AspNet.Core.Web.App.Repo.Interface", "src\RepositoryLayer\AspNet.Core.Web.App.Repo.Interface\AspNet.Core.Web.App.Repo.Interface.xproj", "{01AB4744-519E-4587-A324-3AC27BE92D86}"
EndProject
Project("{8BB2217D-0F2D-49D1-97BC-3654ED321F3B}") = "AspNet.Core.Web.App.Repo.Implementation", "src\RepositoryLayer\AspNet.Core.Web.App.Repo.Implementation\AspNet.Core.Web.App.Repo.Implementation.xproj", "{974273D4-3209-4FF7-B63E-6365F33D3439}"
EndProject
Project("{2150E333-8FDC-42A3-9474-1A3956D46DE8}") = "Service", "Service", "{C5BA22B7-9892-436E-A942-5267A25637E0}"
EndProject
Project("{8BB2217D-0F2D-49D1-97BC-3654ED321F3B}") = "AspNet.Core.Web.App", "src\Service\AspNet.Core.Web.App\AspNet.Core.Web.App.xproj", "{2A4488AE-CE9B-4137-A82B-AFE3D41C9AED}"
EndProject
Project("{2150E333-8FDC-42A3-9474-1A3956D46DE8}") = "Dto", "Dto", "{36EE2891-EC72-4C44-978C-6E38FD056E18}"
EndProject
Project("{2150E333-8FDC-42A3-9474-1A3956D46DE8}") = "Client", "Client", "{77FD4C86-DEB6-4E29-9150-DECD392DFED9}"
EndProject
Project("{2150E333-8FDC-42A3-9474-1A3956D46DE8}") = "BusinessLayer", "BusinessLayer", "{8313537A-4E6A-4D10-ADEB-1C14E1D4557F}"
EndProject
Project("{2150E333-8FDC-42A3-9474-1A3956D46DE8}") = "Service", "Service", "{F8D8824C-D404-4E85-989C-5EA2D93E637F}"
EndProject
Project("{2150E333-8FDC-42A3-9474-1A3956D46DE8}") = "UnitTest", "UnitTest", "{3D02E943-F54C-4771-92CD-5197F88232EC}"
EndProject
Project("{2150E333-8FDC-42A3-9474-1A3956D46DE8}") = "IntegrationTest", "IntegrationTest", "{5EA21DB8-B3BA-4BEC-BA66-A3BF85373241}"
EndProject
Project("{8BB2217D-0F2D-49D1-97BC-3654ED321F3B}") = "AspNet.Core.Web.App.Test", "test\UnitTest\Service\AspNet.Core.Web.App.Test\AspNet.Core.Web.App.Test.xproj", "{CC17862A-BF6B-497A-BDB4-4F17AD165ED2}"
EndProject
Project("{8BB2217D-0F2D-49D1-97BC-3654ED321F3B}") = "AspNet.Core.Web.App.Bl.Implementation.Test", "test\UnitTest\BusinessLayer\AspNet.Core.Web.App.Bl.Implementation.UnitTest\AspNet.Core.Web.App.Bl.Implementation.Test.xproj", "{BE2F5FB6-D9C9-4BF0-8523-0B7C631336AA}"
EndProject
Project("{2150E333-8FDC-42A3-9474-1A3956D46DE8}") = "TestData", "TestData", "{004AD29C-D67D-4B8D-B8E0-1E603680A531}"
EndProject
Project("{8BB2217D-0F2D-49D1-97BC-3654ED321F3B}") = "AspNet.Core.TestData", "test\TestData\AspNet.Core.TestData\AspNet.Core.TestData.xproj", "{E30460C6-F14B-4E1C-9105-8103171E9A62}"
EndProject
Project("{FAE04EC0-301F-11D3-BF4B-00C04F79EFBC}") = "MvcApp.Client", "src\Client\MvcApp.Client\MvcApp.Client.csproj", "{A7D8A013-9737-4387-9523-D890BE6B11E0}"
EndProject
Project("{8BB2217D-0F2D-49D1-97BC-3654ED321F3B}") = "EntityFramework.Core", "src\RepositoryLayer\EntityFramework.Core\EntityFramework.Core.xproj", "{1991F801-EAB6-45F9-B873-BEF3FC2E8967}"
EndProject
Project("{8BB2217D-0F2D-49D1-97BC-3654ED321F3B}") = "Orm.Service.Interface", "src\RepositoryLayer\Orm.Service.Interface\Orm.Service.Interface.xproj", "{BEC8F8F3-D184-4ACB-8A2D-F4A91D1ED550}"
EndProject
Project("{8BB2217D-0F2D-49D1-97BC-3654ED321F3B}") = "AspNet.Core.Web.App.IntegrationTest", "test\IntegrationTest\AspNet.Core.Web.App.IntegrationTest\AspNet.Core.Web.App.IntegrationTest.xproj", "{AE91022D-37E6-4D1D-A784-1FD07B1E3FBF}"
EndProject
Project("{8BB2217D-0F2D-49D1-97BC-3654ED321F3B}") = "Serilog.Sinks.Email", "..\..\..\serilog-sinks-email\src\Serilog.Sinks.Email\Serilog.Sinks.Email.xproj", "{37082D9A-C3C9-490E-8AB9-FED496F5A70B}"
EndProject
Project("{FAE04EC0-301F-11D3-BF4B-00C04F79EFBC}") = "OAuth.Client", "src\Client\OAuth.Client\OAuth.Client.csproj", "{79CBFD45-EDA8-4A3B-8F4D-E51517A370FA}"
EndProject
Project("{FAE04EC0-301F-11D3-BF4B-00C04F79EFBC}") = "models", "src\Client\models\models.csproj", "{44014745-A809-4304-B373-E5261ACD6BDF}"
EndProject
Global
	GlobalSection(SolutionConfigurationPlatforms) = preSolution
		Debug|Any CPU = Debug|Any CPU
		Release|Any CPU = Release|Any CPU
	EndGlobalSection
	GlobalSection(ProjectConfigurationPlatforms) = postSolution
		{04578C59-F50A-4E43-987D-DF1DE147165C}.Debug|Any CPU.ActiveCfg = Debug|Any CPU
		{04578C59-F50A-4E43-987D-DF1DE147165C}.Debug|Any CPU.Build.0 = Debug|Any CPU
		{04578C59-F50A-4E43-987D-DF1DE147165C}.Release|Any CPU.ActiveCfg = Release|Any CPU
		{04578C59-F50A-4E43-987D-DF1DE147165C}.Release|Any CPU.Build.0 = Release|Any CPU
		{D566EACD-F5EC-4585-9186-4620E42927E0}.Debug|Any CPU.ActiveCfg = Debug|Any CPU
		{D566EACD-F5EC-4585-9186-4620E42927E0}.Debug|Any CPU.Build.0 = Debug|Any CPU
		{D566EACD-F5EC-4585-9186-4620E42927E0}.Release|Any CPU.ActiveCfg = Release|Any CPU
		{D566EACD-F5EC-4585-9186-4620E42927E0}.Release|Any CPU.Build.0 = Release|Any CPU
		{2F4BB6F7-613B-43C5-9FE0-000467B6F2D2}.Debug|Any CPU.ActiveCfg = Debug|Any CPU
		{2F4BB6F7-613B-43C5-9FE0-000467B6F2D2}.Debug|Any CPU.Build.0 = Debug|Any CPU
		{2F4BB6F7-613B-43C5-9FE0-000467B6F2D2}.Release|Any CPU.ActiveCfg = Release|Any CPU
		{2F4BB6F7-613B-43C5-9FE0-000467B6F2D2}.Release|Any CPU.Build.0 = Release|Any CPU
		{01AB4744-519E-4587-A324-3AC27BE92D86}.Debug|Any CPU.ActiveCfg = Debug|Any CPU
		{01AB4744-519E-4587-A324-3AC27BE92D86}.Debug|Any CPU.Build.0 = Debug|Any CPU
		{01AB4744-519E-4587-A324-3AC27BE92D86}.Release|Any CPU.ActiveCfg = Release|Any CPU
		{01AB4744-519E-4587-A324-3AC27BE92D86}.Release|Any CPU.Build.0 = Release|Any CPU
		{974273D4-3209-4FF7-B63E-6365F33D3439}.Debug|Any CPU.ActiveCfg = Debug|Any CPU
		{974273D4-3209-4FF7-B63E-6365F33D3439}.Debug|Any CPU.Build.0 = Debug|Any CPU
		{974273D4-3209-4FF7-B63E-6365F33D3439}.Release|Any CPU.ActiveCfg = Release|Any CPU
		{974273D4-3209-4FF7-B63E-6365F33D3439}.Release|Any CPU.Build.0 = Release|Any CPU
		{2A4488AE-CE9B-4137-A82B-AFE3D41C9AED}.Debug|Any CPU.ActiveCfg = Debug|Any CPU
		{2A4488AE-CE9B-4137-A82B-AFE3D41C9AED}.Debug|Any CPU.Build.0 = Debug|Any CPU
		{2A4488AE-CE9B-4137-A82B-AFE3D41C9AED}.Release|Any CPU.ActiveCfg = Release|Any CPU
		{2A4488AE-CE9B-4137-A82B-AFE3D41C9AED}.Release|Any CPU.Build.0 = Release|Any CPU
		{CC17862A-BF6B-497A-BDB4-4F17AD165ED2}.Debug|Any CPU.ActiveCfg = Debug|Any CPU
		{CC17862A-BF6B-497A-BDB4-4F17AD165ED2}.Debug|Any CPU.Build.0 = Debug|Any CPU
		{CC17862A-BF6B-497A-BDB4-4F17AD165ED2}.Release|Any CPU.ActiveCfg = Release|Any CPU
		{CC17862A-BF6B-497A-BDB4-4F17AD165ED2}.Release|Any CPU.Build.0 = Release|Any CPU
		{BE2F5FB6-D9C9-4BF0-8523-0B7C631336AA}.Debug|Any CPU.ActiveCfg = Debug|Any CPU
		{BE2F5FB6-D9C9-4BF0-8523-0B7C631336AA}.Debug|Any CPU.Build.0 = Debug|Any CPU
		{BE2F5FB6-D9C9-4BF0-8523-0B7C631336AA}.Release|Any CPU.ActiveCfg = Release|Any CPU
		{BE2F5FB6-D9C9-4BF0-8523-0B7C631336AA}.Release|Any CPU.Build.0 = Release|Any CPU
		{E30460C6-F14B-4E1C-9105-8103171E9A62}.Debug|Any CPU.ActiveCfg = Debug|Any CPU
		{E30460C6-F14B-4E1C-9105-8103171E9A62}.Debug|Any CPU.Build.0 = Debug|Any CPU
		{E30460C6-F14B-4E1C-9105-8103171E9A62}.Release|Any CPU.ActiveCfg = Release|Any CPU
		{E30460C6-F14B-4E1C-9105-8103171E9A62}.Release|Any CPU.Build.0 = Release|Any CPU
		{A7D8A013-9737-4387-9523-D890BE6B11E0}.Debug|Any CPU.ActiveCfg = Debug|Any CPU
		{A7D8A013-9737-4387-9523-D890BE6B11E0}.Debug|Any CPU.Build.0 = Debug|Any CPU
		{A7D8A013-9737-4387-9523-D890BE6B11E0}.Release|Any CPU.ActiveCfg = Release|Any CPU
		{A7D8A013-9737-4387-9523-D890BE6B11E0}.Release|Any CPU.Build.0 = Release|Any CPU
		{1991F801-EAB6-45F9-B873-BEF3FC2E8967}.Debug|Any CPU.ActiveCfg = Debug|Any CPU
		{1991F801-EAB6-45F9-B873-BEF3FC2E8967}.Debug|Any CPU.Build.0 = Debug|Any CPU
		{1991F801-EAB6-45F9-B873-BEF3FC2E8967}.Release|Any CPU.ActiveCfg = Release|Any CPU
		{1991F801-EAB6-45F9-B873-BEF3FC2E8967}.Release|Any CPU.Build.0 = Release|Any CPU
		{BEC8F8F3-D184-4ACB-8A2D-F4A91D1ED550}.Debug|Any CPU.ActiveCfg = Debug|Any CPU
		{BEC8F8F3-D184-4ACB-8A2D-F4A91D1ED550}.Debug|Any CPU.Build.0 = Debug|Any CPU
		{BEC8F8F3-D184-4ACB-8A2D-F4A91D1ED550}.Release|Any CPU.ActiveCfg = Release|Any CPU
		{BEC8F8F3-D184-4ACB-8A2D-F4A91D1ED550}.Release|Any CPU.Build.0 = Release|Any CPU
		{AE91022D-37E6-4D1D-A784-1FD07B1E3FBF}.Debug|Any CPU.ActiveCfg = Debug|Any CPU
		{AE91022D-37E6-4D1D-A784-1FD07B1E3FBF}.Debug|Any CPU.Build.0 = Debug|Any CPU
		{AE91022D-37E6-4D1D-A784-1FD07B1E3FBF}.Release|Any CPU.ActiveCfg = Release|Any CPU
		{AE91022D-37E6-4D1D-A784-1FD07B1E3FBF}.Release|Any CPU.Build.0 = Release|Any CPU
		{37082D9A-C3C9-490E-8AB9-FED496F5A70B}.Debug|Any CPU.ActiveCfg = Debug|Any CPU
		{37082D9A-C3C9-490E-8AB9-FED496F5A70B}.Debug|Any CPU.Build.0 = Debug|Any CPU
		{37082D9A-C3C9-490E-8AB9-FED496F5A70B}.Release|Any CPU.ActiveCfg = Release|Any CPU
		{37082D9A-C3C9-490E-8AB9-FED496F5A70B}.Release|Any CPU.Build.0 = Release|Any CPU
		{79CBFD45-EDA8-4A3B-8F4D-E51517A370FA}.Debug|Any CPU.ActiveCfg = Debug|Any CPU
		{79CBFD45-EDA8-4A3B-8F4D-E51517A370FA}.Debug|Any CPU.Build.0 = Debug|Any CPU
		{79CBFD45-EDA8-4A3B-8F4D-E51517A370FA}.Release|Any CPU.ActiveCfg = Release|Any CPU
		{79CBFD45-EDA8-4A3B-8F4D-E51517A370FA}.Release|Any CPU.Build.0 = Release|Any CPU
		{44014745-A809-4304-B373-E5261ACD6BDF}.Debug|Any CPU.ActiveCfg = Debug|Any CPU
		{44014745-A809-4304-B373-E5261ACD6BDF}.Debug|Any CPU.Build.0 = Debug|Any CPU
		{44014745-A809-4304-B373-E5261ACD6BDF}.Release|Any CPU.ActiveCfg = Release|Any CPU
		{44014745-A809-4304-B373-E5261ACD6BDF}.Release|Any CPU.Build.0 = Release|Any CPU
	EndGlobalSection
	GlobalSection(SolutionProperties) = preSolution
		HideSolutionNode = FALSE
	EndGlobalSection
	GlobalSection(NestedProjects) = preSolution
		{F3FF245F-B240-4FBD-9543-43C02880C0EA} = {D5DB61DA-96CD-4718-856D-DFE421CF2BBF}
		{04578C59-F50A-4E43-987D-DF1DE147165C} = {F3FF245F-B240-4FBD-9543-43C02880C0EA}
		{DBD7AFF0-8F7C-4C38-8E19-671D1194DB70} = {D5DB61DA-96CD-4718-856D-DFE421CF2BBF}
		{9F1CF3F7-A3F9-4A78-B5E2-75C9EB00E45F} = {D5DB61DA-96CD-4718-856D-DFE421CF2BBF}
		{D566EACD-F5EC-4585-9186-4620E42927E0} = {DBD7AFF0-8F7C-4C38-8E19-671D1194DB70}
		{2F4BB6F7-613B-43C5-9FE0-000467B6F2D2} = {DBD7AFF0-8F7C-4C38-8E19-671D1194DB70}
		{01AB4744-519E-4587-A324-3AC27BE92D86} = {9F1CF3F7-A3F9-4A78-B5E2-75C9EB00E45F}
		{974273D4-3209-4FF7-B63E-6365F33D3439} = {9F1CF3F7-A3F9-4A78-B5E2-75C9EB00E45F}
		{C5BA22B7-9892-436E-A942-5267A25637E0} = {D5DB61DA-96CD-4718-856D-DFE421CF2BBF}
		{2A4488AE-CE9B-4137-A82B-AFE3D41C9AED} = {C5BA22B7-9892-436E-A942-5267A25637E0}
		{36EE2891-EC72-4C44-978C-6E38FD056E18} = {D5DB61DA-96CD-4718-856D-DFE421CF2BBF}
		{77FD4C86-DEB6-4E29-9150-DECD392DFED9} = {D5DB61DA-96CD-4718-856D-DFE421CF2BBF}
		{8313537A-4E6A-4D10-ADEB-1C14E1D4557F} = {3D02E943-F54C-4771-92CD-5197F88232EC}
		{F8D8824C-D404-4E85-989C-5EA2D93E637F} = {3D02E943-F54C-4771-92CD-5197F88232EC}
		{3D02E943-F54C-4771-92CD-5197F88232EC} = {82354E1F-24EF-48D2-9CA1-2516B3813384}
		{5EA21DB8-B3BA-4BEC-BA66-A3BF85373241} = {82354E1F-24EF-48D2-9CA1-2516B3813384}
		{CC17862A-BF6B-497A-BDB4-4F17AD165ED2} = {F8D8824C-D404-4E85-989C-5EA2D93E637F}
		{BE2F5FB6-D9C9-4BF0-8523-0B7C631336AA} = {8313537A-4E6A-4D10-ADEB-1C14E1D4557F}
		{004AD29C-D67D-4B8D-B8E0-1E603680A531} = {82354E1F-24EF-48D2-9CA1-2516B3813384}
		{E30460C6-F14B-4E1C-9105-8103171E9A62} = {004AD29C-D67D-4B8D-B8E0-1E603680A531}
		{A7D8A013-9737-4387-9523-D890BE6B11E0} = {77FD4C86-DEB6-4E29-9150-DECD392DFED9}
		{1991F801-EAB6-45F9-B873-BEF3FC2E8967} = {9F1CF3F7-A3F9-4A78-B5E2-75C9EB00E45F}
		{BEC8F8F3-D184-4ACB-8A2D-F4A91D1ED550} = {9F1CF3F7-A3F9-4A78-B5E2-75C9EB00E45F}
		{AE91022D-37E6-4D1D-A784-1FD07B1E3FBF} = {5EA21DB8-B3BA-4BEC-BA66-A3BF85373241}
		{79CBFD45-EDA8-4A3B-8F4D-E51517A370FA} = {77FD4C86-DEB6-4E29-9150-DECD392DFED9}
		{44014745-A809-4304-B373-E5261ACD6BDF} = {77FD4C86-DEB6-4E29-9150-DECD392DFED9}
	EndGlobalSection
EndGlobal
